
Microsoft Visual Studio Solution File, Format Version 12.00
# Visual Studio Version 17
VisualStudioVersion = 17.0.31903.59
MinimumVisualStudioVersion = 10.0.40219.1
Project("{FAE04EC0-301F-11D3-BF4B-00C04F79EFBC}") = "minimal-api", "Api\minimal-api.csproj", "{B58755FB-3CE3-4DA8-9E82-5CD8362F0AF9}"
EndProject
Project("{FAE04EC0-301F-11D3-BF4B-00C04F79EFBC}") = "Test", "Test\Test.csproj", "{BB16CBAE-CCB5-47E5-9D80-58AAB04E1DFD}"
EndProject
Global
	GlobalSection(SolutionConfigurationPlatforms) = preSolution
		Debug|Any CPU = Debug|Any CPU
		Release|Any CPU = Release|Any CPU
	EndGlobalSection
	GlobalSection(SolutionProperties) = preSolution
		HideSolutionNode = FALSE
	EndGlobalSection
	GlobalSection(ProjectConfigurationPlatforms) = postSolution
		{B58755FB-3CE3-4DA8-9E82-5CD8362F0AF9}.Debug|Any CPU.ActiveCfg = Debug|Any CPU
		{B58755FB-3CE3-4DA8-9E82-5CD8362F0AF9}.Debug|Any CPU.Build.0 = Debug|Any CPU
		{B58755FB-3CE3-4DA8-9E82-5CD8362F0AF9}.Release|Any CPU.ActiveCfg = Release|Any CPU
		{B58755FB-3CE3-4DA8-9E82-5CD8362F0AF9}.Release|Any CPU.Build.0 = Release|Any CPU
		{BB16CBAE-CCB5-47E5-9D80-58AAB04E1DFD}.Debug|Any CPU.ActiveCfg = Debug|Any CPU
		{BB16CBAE-CCB5-47E5-9D80-58AAB04E1DFD}.Debug|Any CPU.Build.0 = Debug|Any CPU
		{BB16CBAE-CCB5-47E5-9D80-58AAB04E1DFD}.Release|Any CPU.ActiveCfg = Release|Any CPU
		{BB16CBAE-CCB5-47E5-9D80-58AAB04E1DFD}.Release|Any CPU.Build.0 = Release|Any CPU
	EndGlobalSection
EndGlobal
